
Microsoft Visual Studio Solution File, Format Version 12.00
# Visual Studio Version 17
VisualStudioVersion = 17.5.33414.496
MinimumVisualStudioVersion = 10.0.40219.1
Project("{FAE04EC0-301F-11D3-BF4B-00C04F79EFBC}") = "Proyecto", "Proyecto.csproj", "{8D6036CE-17ED-4D7E-B4E8-30C3279A2327}"
EndProject
Global
	GlobalSection(SolutionConfigurationPlatforms) = preSolution
		Debug|Any CPU = Debug|Any CPU
		Release|Any CPU = Release|Any CPU
	EndGlobalSection
	GlobalSection(ProjectConfigurationPlatforms) = postSolution
		{8D6036CE-17ED-4D7E-B4E8-30C3279A2327}.Debug|Any CPU.ActiveCfg = Debug|Any CPU
		{8D6036CE-17ED-4D7E-B4E8-30C3279A2327}.Debug|Any CPU.Build.0 = Debug|Any CPU
		{8D6036CE-17ED-4D7E-B4E8-30C3279A2327}.Release|Any CPU.ActiveCfg = Release|Any CPU
		{8D6036CE-17ED-4D7E-B4E8-30C3279A2327}.Release|Any CPU.Build.0 = Release|Any CPU
	EndGlobalSection
	GlobalSection(SolutionProperties) = preSolution
		HideSolutionNode = FALSE
	EndGlobalSection
	GlobalSection(ExtensibilityGlobals) = postSolution
		SolutionGuid = {FD596368-F72C-40A8-8EC1-8A8FFAEE6925}
	EndGlobalSection
EndGlobal
